PODS:
  - JSQSystemSoundPlayer (4.4.0)
  - MBProgressHUD (1.0.0)
  - SDWebImage (3.8.1):
    - SDWebImage/Core (= 3.8.1)
  - SDWebImage/Core (3.8.1)
  - UIActivityIndicator-for-SDWebImage (1.2):
    - SDWebImage (~> 3.7)

DEPENDENCIES:
  - JSQSystemSoundPlayer (= 4.4.0)
  - MBProgressHUD (= 1.0)
  - UIActivityIndicator-for-SDWebImage (= 1.2)

SPEC CHECKSUMS:
  JSQSystemSoundPlayer: 126ccc4a08db8fc3036bd07d33b0f8eda1559476
  MBProgressHUD: 4890f671c94e8a0f3cf959aa731e9de2f036d71a
  SDWebImage: 35f9627a3e44b4f292a8a8ce6a531fa488239b91
  UIActivityIndicator-for-SDWebImage: 7bf7ebbf0ed1747dedc0d6e949c4603a6d0f9e0c

PODFILE CHECKSUM: 57d849e91141483714d06eed470cd48521318e6c

COCOAPODS: 1.0.1
